
Microsoft Visual Studio Solution File, Format Version 12.00
# Visual Studio Version 17
VisualStudioVersion = 17.4.33213.308
MinimumVisualStudioVersion = 10.0.40219.1
Project("{FAE04EC0-301F-11D3-BF4B-00C04F79EFBC}") = "CarRentWebApi", "CarRentWebApi\CarRentWebApi.csproj", "{BBB982A3-A4FE-43EB-A177-4B943D9778A2}"
EndProject
Global
	GlobalSection(SolutionConfigurationPlatforms) = preSolution
		Debug|Any CPU = Debug|Any CPU
		Release|Any CPU = Release|Any CPU
	EndGlobalSection
	GlobalSection(ProjectConfigurationPlatforms) = postSolution
		{BBB982A3-A4FE-43EB-A177-4B943D9778A2}.Debug|Any CPU.ActiveCfg = Debug|Any CPU
		{BBB982A3-A4FE-43EB-A177-4B943D9778A2}.Debug|Any CPU.Build.0 = Debug|Any CPU
		{BBB982A3-A4FE-43EB-A177-4B943D9778A2}.Release|Any CPU.ActiveCfg = Release|Any CPU
		{BBB982A3-A4FE-43EB-A177-4B943D9778A2}.Release|Any CPU.Build.0 = Release|Any CPU
	EndGlobalSection
	GlobalSection(SolutionProperties) = preSolution
		HideSolutionNode = FALSE
	EndGlobalSection
	GlobalSection(ExtensibilityGlobals) = postSolution
		SolutionGuid = {18100A08-C0B1-4135-B03B-33AC108380E4}
	EndGlobalSection
EndGlobal
